// !$*UTF8*$!
{
	archiveVersion = 1;
	classes = {
	};
	objectVersion = 50;
	objects = {

/* Begin PBXBuildFile section */
		2F6F6FFD25FFEF9900834B55 /* AppDelegate.swift in Sources */ = {isa = PBXBuildFile; fileRef = 2F6F6FFC25FFEF9900834B55 /* AppDelegate.swift */; };
		2F6F6FFF25FFEF9900834B55 /* SceneDelegate.swift in Sources */ = {isa = PBXBuildFile; fileRef = 2F6F6FFE25FFEF9900834B55 /* SceneDelegate.swift */; };
		2F6F700125FFEF9900834B55 /* ViewController.swift in Sources */ = {isa = PBXBuildFile; fileRef = 2F6F700025FFEF9900834B55 /* ViewController.swift */; };
		2F6F700425FFEF9900834B55 /* Main.storyboard in Resources */ = {isa = PBXBuildFile; fileRef = 2F6F700225FFEF9900834B55 /* Main.storyboard */; };
		2F6F700625FFEF9A00834B55 /* Assets.xcassets in Resources */ = {isa = PBXBuildFile; fileRef = 2F6F700525FFEF9A00834B55 /* Assets.xcassets */; };
		2F6F700925FFEF9A00834B55 /* LaunchScreen.storyboard in Resources */ = {isa = PBXBuildFile; fileRef = 2F6F700725FFEF9A00834B55 /* LaunchScreen.storyboard */; };
		2F6F701425FFEF9A00834B55 /* InstagramTests.swift in Sources */ = {isa = PBXBuildFile; fileRef = 2F6F701325FFEF9A00834B55 /* InstagramTests.swift */; };
		2F6F701F25FFEF9B00834B55 /* InstagramUITests.swift in Sources */ = {isa = PBXBuildFile; fileRef = 2F6F701E25FFEF9B00834B55 /* InstagramUITests.swift */; };
/* End PBXBuildFile section */

/* Begin PBXContainerItemProxy section */
		2F6F701025FFEF9A00834B55 /* PBXContainerItemProxy */ = {
			isa = PBXContainerItemProxy;
			containerPortal = 2F6F6FF125FFEF9900834B55 /* Project object */;
			proxyType = 1;
			remoteGlobalIDString = 2F6F6FF825FFEF9900834B55;
			remoteInfo = Instagram;
		};
		2F6F701B25FFEF9B00834B55 /* PBXContainerItemProxy */ = {
			isa = PBXContainerItemProxy;
			containerPortal = 2F6F6FF125FFEF9900834B55 /* Project object */;
			proxyType = 1;
			remoteGlobalIDString = 2F6F6FF825FFEF9900834B55;
			remoteInfo = Instagram;
		};
/* End PBXContainerItemProxy section */

/* Begin PBXFileReference section */
		2F6F6FF925FFEF9900834B55 /* Instagram.app */ = {isa = PBXFileReference; explicitFileType = wrapper.application; includeInIndex = 0; path = Instagram.app; sourceTree = BUILT_PRODUCTS_DIR; };
		2F6F6FFC25FFEF9900834B55 /* AppDelegate.swift */ = {isa = PBXFileReference; lastKnownFileType = sourcecode.swift; path = AppDelegate.swift; sourceTree = "<group>"; };
		2F6F6FFE25FFEF9900834B55 /* SceneDelegate.swift */ = {isa = PBXFileReference; lastKnownFileType = sourcecode.swift; path = SceneDelegate.swift; sourceTree = "<group>"; };
		2F6F700025FFEF9900834B55 /* ViewController.swift */ = {isa = PBXFileReference; lastKnownFileType = sourcecode.swift; path = ViewController.swift; sourceTree = "<group>"; };
		2F6F700325FFEF9900834B55 /* Base */ = {isa = PBXFileReference; lastKnownFileType = file.storyboard; name = Base; path = Base.lproj/Main.storyboard; sourceTree = "<group>"; };
		2F6F700525FFEF9A00834B55 /* Assets.xcassets */ = {isa = PBXFileReference; lastKnownFileType = folder.assetcatalog; path = Assets.xcassets; sourceTree = "<group>"; };
		2F6F700825FFEF9A00834B55 /* Base */ = {isa = PBXFileReference; lastKnownFileType = file.storyboard; name = Base; path = Base.lproj/LaunchScreen.storyboard; sourceTree = "<group>"; };
		2F6F700A25FFEF9A00834B55 /* Info.plist */ = {isa = PBXFileReference; lastKnownFileType = text.plist.xml; path = Info.plist; sourceTree = "<group>"; };
		2F6F700F25FFEF9A00834B55 /* InstagramTests.xctest */ = {isa = PBXFileReference; explicitFileType = wrapper.cfbundle; includeInIndex = 0; path = InstagramTests.xctest; sourceTree = BUILT_PRODUCTS_DIR; };
		2F6F701325FFEF9A00834B55 /* InstagramTests.swift */ = {isa = PBXFileReference; lastKnownFileType = sourcecode.swift; path = InstagramTests.swift; sourceTree = "<group>"; };
		2F6F701525FFEF9A00834B55 /* Info.plist */ = {isa = PBXFileReference; lastKnownFileType = text.plist.xml; path = Info.plist; sourceTree = "<group>"; };
		2F6F701A25FFEF9B00834B55 /* InstagramUITests.xctest */ = {isa = PBXFileReference; explicitFileType = wrapper.cfbundle; includeInIndex = 0; path = InstagramUITests.xctest; sourceTree = BUILT_PRODUCTS_DIR; };
		2F6F701E25FFEF9B00834B55 /* InstagramUITests.swift */ = {isa = PBXFileReference; lastKnownFileType = sourcecode.swift; path = InstagramUITests.swift; sourceTree = "<group>"; };
		2F6F702025FFEF9B00834B55 /* Info.plist */ = {isa = PBXFileReference; lastKnownFileType = text.plist.xml; path = Info.plist; sourceTree = "<group>"; };
/* End PBXFileReference section */

/* Begin PBXFrameworksBuildPhase section */
		2F6F6FF625FFEF9900834B55 /* Frameworks */ = {
			isa = PBXFrameworksBuildPhase;
			buildActionMask = 2147483647;
			files = (
			);
			runOnlyForDeploymentPostprocessing = 0;
		};
		2F6F700C25FFEF9A00834B55 /* Frameworks */ = {
			isa = PBXFrameworksBuildPhase;
			buildActionMask = 2147483647;
			files = (
			);
			runOnlyForDeploymentPostprocessing = 0;
		};
		2F6F701725FFEF9B00834B55 /* Frameworks */ = {
			isa = PBXFrameworksBuildPhase;
			buildActionMask = 2147483647;
			files = (
			);
			runOnlyForDeploymentPostprocessing = 0;
		};
/* End PBXFrameworksBuildPhase section */

/* Begin PBXGroup section */
		2F6F6FF025FFEF9900834B55 = {
			isa = PBXGroup;
			children = (
				2F6F6FFB25FFEF9900834B55 /* Instagram */,
				2F6F701225FFEF9A00834B55 /* InstagramTests */,
				2F6F701D25FFEF9B00834B55 /* InstagramUITests */,
				2F6F6FFA25FFEF9900834B55 /* Products */,
			);
			sourceTree = "<group>";
		};
		2F6F6FFA25FFEF9900834B55 /* Products */ = {
			isa = PBXGroup;
			children = (
				2F6F6FF925FFEF9900834B55 /* Instagram.app */,
				2F6F700F25FFEF9A00834B55 /* InstagramTests.xctest */,
				2F6F701A25FFEF9B00834B55 /* InstagramUITests.xctest */,
			);
			name = Products;
			sourceTree = "<group>";
		};
		2F6F6FFB25FFEF9900834B55 /* Instagram */ = {
			isa = PBXGroup;
			children = (
				2F6F6FFC25FFEF9900834B55 /* AppDelegate.swift */,
				2F6F6FFE25FFEF9900834B55 /* SceneDelegate.swift */,
				2F6F700025FFEF9900834B55 /* ViewController.swift */,
				2F6F700225FFEF9900834B55 /* Main.storyboard */,
				2F6F700525FFEF9A00834B55 /* Assets.xcassets */,
				2F6F700725FFEF9A00834B55 /* LaunchScreen.storyboard */,
				2F6F700A25FFEF9A00834B55 /* Info.plist */,
			);
			path = Instagram;
			sourceTree = "<group>";
		};
		2F6F701225FFEF9A00834B55 /* InstagramTests */ = {
			isa = PBXGroup;
			children = (
				2F6F701325FFEF9A00834B55 /* InstagramTests.swift */,
				2F6F701525FFEF9A00834B55 /* Info.plist */,
			);
			path = InstagramTests;
			sourceTree = "<group>";
		};
		2F6F701D25FFEF9B00834B55 /* InstagramUITests */ = {
			isa = PBXGroup;
			children = (
				2F6F701E25FFEF9B00834B55 /* InstagramUITests.swift */,
				2F6F702025FFEF9B00834B55 /* Info.plist */,
			);
			path = InstagramUITests;
			sourceTree = "<group>";
		};
/* End PBXGroup section */

/* Begin PBXNativeTarget section */
		2F6F6FF825FFEF9900834B55 /* Instagram */ = {
			isa = PBXNativeTarget;
			buildConfigurationList = 2F6F702325FFEF9B00834B55 /* Build configuration list for PBXNativeTarget "Instagram" */;
			buildPhases = (
				2F6F6FF525FFEF9900834B55 /* Sources */,
				2F6F6FF625FFEF9900834B55 /* Frameworks */,
				2F6F6FF725FFEF9900834B55 /* Resources */,
			);
			buildRules = (
			);
			dependencies = (
			);
			name = Instagram;
			productName = Instagram;
			productReference = 2F6F6FF925FFEF9900834B55 /* Instagram.app */;
			productType = "com.apple.product-type.application";
		};
		2F6F700E25FFEF9A00834B55 /* InstagramTests */ = {
			isa = PBXNativeTarget;
			buildConfigurationList = 2F6F702625FFEF9B00834B55 /* Build configuration list for PBXNativeTarget "InstagramTests" */;
			buildPhases = (
				2F6F700B25FFEF9A00834B55 /* Sources */,
				2F6F700C25FFEF9A00834B55 /* Frameworks */,
				2F6F700D25FFEF9A00834B55 /* Resources */,
			);
			buildRules = (
			);
			dependencies = (
				2F6F701125FFEF9A00834B55 /* PBXTargetDependency */,
			);
			name = InstagramTests;
			productName = InstagramTests;
			productReference = 2F6F700F25FFEF9A00834B55 /* InstagramTests.xctest */;
			productType = "com.apple.product-type.bundle.unit-test";
		};
		2F6F701925FFEF9B00834B55 /* InstagramUITests */ = {
			isa = PBXNativeTarget;
			buildConfigurationList = 2F6F702925FFEF9B00834B55 /* Build configuration list for PBXNativeTarget "InstagramUITests" */;
			buildPhases = (
				2F6F701625FFEF9B00834B55 /* Sources */,
				2F6F701725FFEF9B00834B55 /* Frameworks */,
				2F6F701825FFEF9B00834B55 /* Resources */,
			);
			buildRules = (
			);
			dependencies = (
				2F6F701C25FFEF9B00834B55 /* PBXTargetDependency */,
			);
			name = InstagramUITests;
			productName = InstagramUITests;
			productReference = 2F6F701A25FFEF9B00834B55 /* InstagramUITests.xctest */;
			productType = "com.apple.product-type.bundle.ui-testing";
		};
/* End PBXNativeTarget section */

/* Begin PBXProject section */
		2F6F6FF125FFEF9900834B55 /* Project object */ = {
			isa = PBXProject;
			attributes = {
				LastSwiftUpdateCheck = 1240;
				LastUpgradeCheck = 1240;
				TargetAttributes = {
					2F6F6FF825FFEF9900834B55 = {
						CreatedOnToolsVersion = 12.4;
					};
					2F6F700E25FFEF9A00834B55 = {
						CreatedOnToolsVersion = 12.4;
						TestTargetID = 2F6F6FF825FFEF9900834B55;
					};
					2F6F701925FFEF9B00834B55 = {
						CreatedOnToolsVersion = 12.4;
						TestTargetID = 2F6F6FF825FFEF9900834B55;
					};
				};
			};
			buildConfigurationList = 2F6F6FF425FFEF9900834B55 /* Build configuration list for PBXProject "Instagram" */;
			compatibilityVersion = "Xcode 9.3";
			developmentRegion = en;
			hasScannedForEncodings = 0;
			knownRegions = (
				en,
				Base,
			);
			mainGroup = 2F6F6FF025FFEF9900834B55;
			productRefGroup = 2F6F6FFA25FFEF9900834B55 /* Products */;
			projectDirPath = "";
			projectRoot = "";
			targets = (
				2F6F6FF825FFEF9900834B55 /* Instagram */,
				2F6F700E25FFEF9A00834B55 /* InstagramTests */,
				2F6F701925FFEF9B00834B55 /* InstagramUITests */,
			);
		};
/* End PBXProject section */

/* Begin PBXResourcesBuildPhase section */
		2F6F6FF725FFEF9900834B55 /* Resources */ = {
			isa = PBXResourcesBuildPhase;
			buildActionMask = 2147483647;
			files = (
				2F6F700925FFEF9A00834B55 /* LaunchScreen.storyboard in Resources */,
				2F6F700625FFEF9A00834B55 /* Assets.xcassets in Resources */,
				2F6F700425FFEF9900834B55 /* Main.storyboard in Resources */,
			);
			runOnlyForDeploymentPostprocessing = 0;
		};
		2F6F700D25FFEF9A00834B55 /* Resources */ = {
			isa = PBXResourcesBuildPhase;
			buildActionMask = 2147483647;
			files = (
			);
			runOnlyForDeploymentPostprocessing = 0;
		};
		2F6F701825FFEF9B00834B55 /* Resources */ = {
			isa = PBXResourcesBuildPhase;
			buildActionMask = 2147483647;
			files = (
			);
			runOnlyForDeploymentPostprocessing = 0;
		};
/* End PBXResourcesBuildPhase section */

/* Begin PBXSourcesBuildPhase section */
		2F6F6FF525FFEF9900834B55 /* Sources */ = {
			isa = PBXSourcesBuildPhase;
			buildActionMask = 2147483647;
			files = (
				2F6F700125FFEF9900834B55 /* ViewController.swift in Sources */,
				2F6F6FFD25FFEF9900834B55 /* AppDelegate.swift in Sources */,
				2F6F6FFF25FFEF9900834B55 /* SceneDelegate.swift in Sources */,
			);
			runOnlyForDeploymentPostprocessing = 0;
		};
		2F6F700B25FFEF9A00834B55 /* Sources */ = {
			isa = PBXSourcesBuildPhase;
			buildActionMask = 2147483647;
			files = (
				2F6F701425FFEF9A00834B55 /* InstagramTests.swift in Sources */,
			);
			runOnlyForDeploymentPostprocessing = 0;
		};
		2F6F701625FFEF9B00834B55 /* Sources */ = {
			isa = PBXSourcesBuildPhase;
			buildActionMask = 2147483647;
			files = (
				2F6F701F25FFEF9B00834B55 /* InstagramUITests.swift in Sources */,
			);
			runOnlyForDeploymentPostprocessing = 0;
		};
/* End PBXSourcesBuildPhase section */

/* Begin PBXTargetDependency section */
		2F6F701125FFEF9A00834B55 /* PBXTargetDependency */ = {
			isa = PBXTargetDependency;
			target = 2F6F6FF825FFEF9900834B55 /* Instagram */;
			targetProxy = 2F6F701025FFEF9A00834B55 /* PBXContainerItemProxy */;
		};
		2F6F701C25FFEF9B00834B55 /* PBXTargetDependency */ = {
			isa = PBXTargetDependency;
			target = 2F6F6FF825FFEF9900834B55 /* Instagram */;
			targetProxy = 2F6F701B25FFEF9B00834B55 /* PBXContainerItemProxy */;
		};
/* End PBXTargetDependency section */

/* Begin PBXVariantGroup section */
		2F6F700225FFEF9900834B55 /* Main.storyboard */ = {
			isa = PBXVariantGroup;
			children = (
				2F6F700325FFEF9900834B55 /* Base */,
			);
			name = Main.storyboard;
			sourceTree = "<group>";
		};
		2F6F700725FFEF9A00834B55 /* LaunchScreen.storyboard */ = {
			isa = PBXVariantGroup;
			children = (
				2F6F700825FFEF9A00834B55 /* Base */,
			);
			name = LaunchScreen.storyboard;
			sourceTree = "<group>";
		};
/* End PBXVariantGroup section */

/* Begin XCBuildConfiguration section */
		2F6F702125FFEF9B00834B55 /* Debug */ = {
			isa = XCBuildConfiguration;
			buildSettings = {
				ALWAYS_SEARCH_USER_PATHS = NO;
				CLANG_ANALYZER_NONNULL = YES;
				CLANG_ANALYZER_NUMBER_OBJECT_CONVERSION = YES_AGGRESSIVE;
				CLANG_CXX_LANGUAGE_STANDARD = "gnu++14";
				CLANG_CXX_LIBRARY = "libc++";
				CLANG_ENABLE_MODULES = YES;
				CLANG_ENABLE_OBJC_ARC = YES;
				CLANG_ENABLE_OBJC_WEAK = YES;
				CLANG_WARN_BLOCK_CAPTURE_AUTORELEASING = YES;
				CLANG_WARN_BOOL_CONVERSION = YES;
				CLANG_WARN_COMMA = YES;
				CLANG_WARN_CONSTANT_CONVERSION = YES;
				CLANG_WARN_DEPRECATED_OBJC_IMPLEMENTATIONS = YES;
				CLANG_WARN_DIRECT_OBJC_ISA_USAGE = YES_ERROR;
				CLANG_WARN_DOCUMENTATION_COMMENTS = YES;
				CLANG_WARN_EMPTY_BODY = YES;
				CLANG_WARN_ENUM_CONVERSION = YES;
				CLANG_WARN_INFINITE_RECURSION = YES;
				CLANG_WARN_INT_CONVERSION = YES;
				CLANG_WARN_NON_LITERAL_NULL_CONVERSION = YES;
				CLANG_WARN_OBJC_IMPLICIT_RETAIN_SELF = YES;
				CLANG_WARN_OBJC_LITERAL_CONVERSION = YES;
				CLANG_WARN_OBJC_ROOT_CLASS = YES_ERROR;
				CLANG_WARN_QUOTED_INCLUDE_IN_FRAMEWORK_HEADER = YES;
				CLANG_WARN_RANGE_LOOP_ANALYSIS = YES;
				CLANG_WARN_STRICT_PROTOTYPES = YES;
				CLANG_WARN_SUSPICIOUS_MOVE = YES;
				CLANG_WARN_UNGUARDED_AVAILABILITY = YES_AGGRESSIVE;
				CLANG_WARN_UNREACHABLE_CODE = YES;
				CLANG_WARN__DUPLICATE_METHOD_MATCH = YES;
				COPY_PHASE_STRIP = NO;
				DEBUG_INFORMATION_FORMAT = dwarf;
				ENABLE_STRICT_OBJC_MSGSEND = YES;
				ENABLE_TESTABILITY = YES;
				GCC_C_LANGUAGE_STANDARD = gnu11;
				GCC_DYNAMIC_NO_PIC = NO;
				GCC_NO_COMMON_BLOCKS = YES;
				GCC_OPTIMIZATION_LEVEL = 0;
				GCC_PREPROCESSOR_DEFINITIONS = (
					"DEBUG=1",
					"$(inherited)",
				);
				GCC_WARN_64_TO_32_BIT_CONVERSION = YES;
				GCC_WARN_ABOUT_RETURN_TYPE = YES_ERROR;
				GCC_WARN_UNDECLARED_SELECTOR = YES;
				GCC_WARN_UNINITIALIZED_AUTOS = YES_AGGRESSIVE;
				GCC_WARN_UNUSED_FUNCTION = YES;
				GCC_WARN_UNUSED_VARIABLE = YES;
				IPHONEOS_DEPLOYMENT_TARGET = 14.4;
				MTL_ENABLE_DEBUG_INFO = INCLUDE_SOURCE;
				MTL_FAST_MATH = YES;
				ONLY_ACTIVE_ARCH = YES;
				SDKROOT = iphoneos;
				SWIFT_ACTIVE_COMPILATION_CONDITIONS = DEBUG;
				SWIFT_OPTIMIZATION_LEVEL = "-Onone";
			};
			name = Debug;
		};
		2F6F702225FFEF9B00834B55 /* Release */ = {
			isa = XCBuildConfiguration;
			buildSettings = {
				ALWAYS_SEARCH_USER_PATHS = NO;
				CLANG_ANALYZER_NONNULL = YES;
				CLANG_ANALYZER_NUMBER_OBJECT_CONVERSION = YES_AGGRESSIVE;
				CLANG_CXX_LANGUAGE_STANDARD = "gnu++14";
				CLANG_CXX_LIBRARY = "libc++";
				CLANG_ENABLE_MODULES = YES;
				CLANG_ENABLE_OBJC_ARC = YES;
				CLANG_ENABLE_OBJC_WEAK = YES;
				CLANG_WARN_BLOCK_CAPTURE_AUTORELEASING = YES;
				CLANG_WARN_BOOL_CONVERSION = YES;
				CLANG_WARN_COMMA = YES;
				CLANG_WARN_CONSTANT_CONVERSION = YES;
				CLANG_WARN_DEPRECATED_OBJC_IMPLEMENTATIONS = YES;
				CLANG_WARN_DIRECT_OBJC_ISA_USAGE = YES_ERROR;
				CLANG_WARN_DOCUMENTATION_COMMENTS = YES;
				CLANG_WARN_EMPTY_BODY = YES;
				CLANG_WARN_ENUM_CONVERSION = YES;
				CLANG_WARN_INFINITE_RECURSION = YES;
				CLANG_WARN_INT_CONVERSION = YES;
				CLANG_WARN_NON_LITERAL_NULL_CONVERSION = YES;
				CLANG_WARN_OBJC_IMPLICIT_RETAIN_SELF = YES;
				CLANG_WARN_OBJC_LITERAL_CONVERSION = YES;
				CLANG_WARN_OBJC_ROOT_CLASS = YES_ERROR;
				CLANG_WARN_QUOTED_INCLUDE_IN_FRAMEWORK_HEADER = YES;
				CLANG_WARN_RANGE_LOOP_ANALYSIS = YES;
				CLANG_WARN_STRICT_PROTOTYPES = YES;
				CLANG_WARN_SUSPICIOUS_MOVE = YES;
				CLANG_WARN_UNGUARDED_AVAILABILITY = YES_AGGRESSIVE;
				CLANG_WARN_UNREACHABLE_CODE = YES;
				CLANG_WARN__DUPLICATE_METHOD_MATCH = YES;
				COPY_PHASE_STRIP = NO;
				DEBUG_INFORMATION_FORMAT = "dwarf-with-dsym";
				ENABLE_NS_ASSERTIONS = NO;
				ENABLE_STRICT_OBJC_MSGSEND = YES;
				GCC_C_LANGUAGE_STANDARD = gnu11;
				GCC_NO_COMMON_BLOCKS = YES;
				GCC_WARN_64_TO_32_BIT_CONVERSION = YES;
				GCC_WARN_ABOUT_RETURN_TYPE = YES_ERROR;
				GCC_WARN_UNDECLARED_SELECTOR = YES;
				GCC_WARN_UNINITIALIZED_AUTOS = YES_AGGRESSIVE;
				GCC_WARN_UNUSED_FUNCTION = YES;
				GCC_WARN_UNUSED_VARIABLE = YES;
				IPHONEOS_DEPLOYMENT_TARGET = 14.4;
				MTL_ENABLE_DEBUG_INFO = NO;
				MTL_FAST_MATH = YES;
				SDKROOT = iphoneos;
				SWIFT_COMPILATION_MODE = wholemodule;
				SWIFT_OPTIMIZATION_LEVEL = "-O";
				VALIDATE_PRODUCT = YES;
			};
			name = Release;
		};
		2F6F702425FFEF9B00834B55 /* Debug */ = {
			isa = XCBuildConfiguration;
			buildSettings = {
				ASSETCATALOG_COMPILER_APPICON_NAME = AppIcon;
				ASSETCATALOG_COMPILER_GLOBAL_ACCENT_COLOR_NAME = AccentColor;
				CODE_SIGN_STYLE = Automatic;
				INFOPLIST_FILE = Instagram/Info.plist;
				LD_RUNPATH_SEARCH_PATHS = (
					"$(inherited)",
					"@executable_path/Frameworks",
				);
				PRODUCT_BUNDLE_IDENTIFIER = HU.Instagram;
				PRODUCT_NAME = "$(TARGET_NAME)";
				SWIFT_VERSION = 5.0;
				TARGETED_DEVICE_FAMILY = "1,2";
			};
			name = Debug;
		};
		2F6F702525FFEF9B00834B55 /* Release */ = {
			isa = XCBuildConfiguration;
			buildSettings = {
				ASSETCATALOG_COMPILER_APPICON_NAME = AppIcon;
				ASSETCATALOG_COMPILER_GLOBAL_ACCENT_COLOR_NAME = AccentColor;
				CODE_SIGN_STYLE = Automatic;
				INFOPLIST_FILE = Instagram/Info.plist;
				LD_RUNPATH_SEARCH_PATHS = (
					"$(inherited)",
					"@executable_path/Frameworks",
				);
				PRODUCT_BUNDLE_IDENTIFIER = HU.Instagram;
				PRODUCT_NAME = "$(TARGET_NAME)";
				SWIFT_VERSION = 5.0;
				TARGETED_DEVICE_FAMILY = "1,2";
			};
			name = Release;
		};
		2F6F702725FFEF9B00834B55 /* Debug */ = {
			isa = XCBuildConfiguration;
			buildSettings = {
				ALWAYS_EMBED_SWIFT_STANDARD_LIBRARIES = YES;
				BUNDLE_LOADER = "$(TEST_HOST)";
				CODE_SIGN_STYLE = Automatic;
				INFOPLIST_FILE = InstagramTests/Info.plist;
				IPHONEOS_DEPLOYMENT_TARGET = 14.4;
				LD_RUNPATH_SEARCH_PATHS = (
					"$(inherited)",
					"@executable_path/Frameworks",
					"@loader_path/Frameworks",
				);
				PRODUCT_BUNDLE_IDENTIFIER = HU.InstagramTests;
				PRODUCT_NAME = "$(TARGET_NAME)";
				SWIFT_VERSION = 5.0;
				TARGETED_DEVICE_FAMILY = "1,2";
				TEST_HOST = "$(BUILT_PRODUCTS_DIR)/Instagram.app/Instagram";
			};
			name = Debug;
		};
		2F6F702825FFEF9B00834B55 /* Release */ = {
			isa = XCBuildConfiguration;
			buildSettings = {
				ALWAYS_EMBED_SWIFT_STANDARD_LIBRARIES = YES;
				BUNDLE_LOADER = "$(TEST_HOST)";
				CODE_SIGN_STYLE = Automatic;
				INFOPLIST_FILE = InstagramTests/Info.plist;
				IPHONEOS_DEPLOYMENT_TARGET = 14.4;
				LD_RUNPATH_SEARCH_PATHS = (
					"$(inherited)",
					"@executable_path/Frameworks",
					"@loader_path/Frameworks",
				);
				PRODUCT_BUNDLE_IDENTIFIER = HU.InstagramTests;
				PRODUCT_NAME = "$(TARGET_NAME)";
				SWIFT_VERSION = 5.0;
				TARGETED_DEVICE_FAMILY = "1,2";
				TEST_HOST = "$(BUILT_PRODUCTS_DIR)/Instagram.app/Instagram";
			};
			name = Release;
		};
		2F6F702A25FFEF9B00834B55 /* Debug */ = {
			isa = XCBuildConfiguration;
			buildSettings = {
				ALWAYS_EMBED_SWIFT_STANDARD_LIBRARIES = YES;
				CODE_SIGN_STYLE = Automatic;
				INFOPLIST_FILE = InstagramUITests/Info.plist;
				LD_RUNPATH_SEARCH_PATHS = (
					"$(inherited)",
					"@executable_path/Frameworks",
					"@loader_path/Frameworks",
				);
				PRODUCT_BUNDLE_IDENTIFIER = HU.InstagramUITests;
				PRODUCT_NAME = "$(TARGET_NAME)";
				SWIFT_VERSION = 5.0;
				TARGETED_DEVICE_FAMILY = "1,2";
				TEST_TARGET_NAME = Instagram;
			};
			name = Debug;
		};
		2F6F702B25FFEF9B00834B55 /* Release */ = {
			isa = XCBuildConfiguration;
			buildSettings = {
				ALWAYS_EMBED_SWIFT_STANDARD_LIBRARIES = YES;
				CODE_SIGN_STYLE = Automatic;
				INFOPLIST_FILE = InstagramUITests/Info.plist;
				LD_RUNPATH_SEARCH_PATHS = (
					"$(inherited)",
					"@executable_path/Frameworks",
					"@loader_path/Frameworks",
				);
				PRODUCT_BUNDLE_IDENTIFIER = HU.InstagramUITests;
				PRODUCT_NAME = "$(TARGET_NAME)";
				SWIFT_VERSION = 5.0;
				TARGETED_DEVICE_FAMILY = "1,2";
				TEST_TARGET_NAME = Instagram;
			};
			name = Release;
		};
/* End XCBuildConfiguration section */

/* Begin XCConfigurationList section */
		2F6F6FF425FFEF9900834B55 /* Build configuration list for PBXProject "Instagram" */ = {
			isa = XCConfigurationList;
			buildConfigurations = (
				2F6F702125FFEF9B00834B55 /* Debug */,
				2F6F702225FFEF9B00834B55 /* Release */,
			);
			defaultConfigurationIsVisible = 0;
			defaultConfigurationName = Release;
		};
		2F6F702325FFEF9B00834B55 /* Build configuration list for PBXNativeTarget "Instagram" */ = {
			isa = XCConfigurationList;
			buildConfigurations = (
				2F6F702425FFEF9B00834B55 /* Debug */,
				2F6F702525FFEF9B00834B55 /* Release */,
			);
			defaultConfigurationIsVisible = 0;
			defaultConfigurationName = Release;
		};
		2F6F702625FFEF9B00834B55 /* Build configuration list for PBXNativeTarget "InstagramTests" */ = {
			isa = XCConfigurationList;
			buildConfigurations = (
				2F6F702725FFEF9B00834B55 /* Debug */,
				2F6F702825FFEF9B00834B55 /* Release */,
			);
			defaultConfigurationIsVisible = 0;
			defaultConfigurationName = Release;
		};
		2F6F702925FFEF9B00834B55 /* Build configuration list for PBXNativeTarget "InstagramUITests" */ = {
			isa = XCConfigurationList;
			buildConfigurations = (
				2F6F702A25FFEF9B00834B55 /* Debug */,
				2F6F702B25FFEF9B00834B55 /* Release */,
			);
			defaultConfigurationIsVisible = 0;
			defaultConfigurationName = Release;
		};
/* End XCConfigurationList section */
	};
	rootObject = 2F6F6FF125FFEF9900834B55 /* Project object */;
}
